PODS:
  - Alamofire (4.8.2)
  - Kingfisher (5.6.0)
  - NVActivityIndicatorView (4.7.0):
    - NVActivityIndicatorView/Presenter (= 4.7.0)
  - NVActivityIndicatorView/Presenter (4.7.0)

DEPENDENCIES:
  - Alamofire (~> 4.8.2)
  - Kingfisher
  - NVActivityIndicatorView

SPEC REPOS:
  https://github.com/cocoapods/specs.git:
    - Alamofire
    - Kingfisher
    - NVActivityIndicatorView

SPEC CHECKSUMS:
  Alamofire: ae5c501addb7afdbb13687d7f2f722c78734c2d3
  Kingfisher: 1a50df6880a60bae26f3e21a0df3d17b892f5e0b
  NVActivityIndicatorView: b19ddab2576f805cbe0fb2306cba3476e09a1dea

PODFILE CHECKSUM: ec45be365642c22468e467ae4261299f2c3f3a0d

COCOAPODS: 1.6.2
