PODS:
  - Alamofire (4.8.2)
  - DLRadioButton (1.4.12)
  - Kingfisher (5.6.0)

DEPENDENCIES:
  - Alamofire (~> 4.8.2)
  - DLRadioButton (~> 1.4)
  - Kingfisher

SPEC REPOS:
  https://github.com/cocoapods/specs.git:
    - Alamofire
    - DLRadioButton
    - Kingfisher

SPEC CHECKSUMS:
  Alamofire: ae5c501addb7afdbb13687d7f2f722c78734c2d3
  DLRadioButton: d7c4e225ed0e8013cef7be61455230c7557ad7c1
  Kingfisher: 1a50df6880a60bae26f3e21a0df3d17b892f5e0b

PODFILE CHECKSUM: 84fb2fdfcf4a5889b3fe853c1cb65657eaf82900

COCOAPODS: 1.6.2
