// !$*UTF8*$!
{
	archiveVersion = 1;
	classes = {
	};
	objectVersion = 50;
	objects = {

/* Begin PBXBuildFile section */
		4FD6F56BA51831F9A8E27976 /* Pods_MindGarden.framework in Frameworks */ = {isa = PBXBuildFile; fileRef = 6F670888A5DBB32200B4D9BD /* Pods_MindGarden.framework */; };
		DE06594922C8C3A600D000BC /* .gitignore in Resources */ = {isa = PBXBuildFile; fileRef = DE06594822C8C3A500D000BC /* .gitignore */; };
		DE06595222C8EE6800D000BC /* Login.storyboard in Resources */ = {isa = PBXBuildFile; fileRef = DE06595122C8EE6800D000BC /* Login.storyboard */; };
		DE06595422C8FE5300D000BC /* Diary.storyboard in Resources */ = {isa = PBXBuildFile; fileRef = DE06595322C8FE5300D000BC /* Diary.storyboard */; };
		DE06595722C9005C00D000BC /* DiaryNewVC.swift in Sources */ = {isa = PBXBuildFile; fileRef = DE06595622C9005C00D000BC /* DiaryNewVC.swift */; };
		DE06595C22C9012300D000BC /* DiaryDetailVC.swift in Sources */ = {isa = PBXBuildFile; fileRef = DE06595B22C9012300D000BC /* DiaryDetailVC.swift */; };
		DE06595F22C90F4C00D000BC /* PopUpVC.swift in Sources */ = {isa = PBXBuildFile; fileRef = DE06595E22C90F4C00D000BC /* PopUpVC.swift */; };
		DE06596222C911E000D000BC /* UIView+Extensions.swift in Sources */ = {isa = PBXBuildFile; fileRef = DE06596122C911E000D000BC /* UIView+Extensions.swift */; };
		DE06596722C978B200D000BC /* DiaryListVC.swift in Sources */ = {isa = PBXBuildFile; fileRef = DE06596622C978B200D000BC /* DiaryListVC.swift */; };
		DE06596C22C97E0D00D000BC /* DiaryListTVC.swift in Sources */ = {isa = PBXBuildFile; fileRef = DE06596A22C97E0D00D000BC /* DiaryListTVC.swift */; };
		DE06596D22C97E0D00D000BC /* DiaryListTVC.xib in Resources */ = {isa = PBXBuildFile; fileRef = DE06596B22C97E0D00D000BC /* DiaryListTVC.xib */; };
		DE06597122C9846400D000BC /* Settings.storyboard in Resources */ = {isa = PBXBuildFile; fileRef = DE06597022C9846400D000BC /* Settings.storyboard */; };
		DE06597422C9E15E00D000BC /* Date+Extensions.swift in Sources */ = {isa = PBXBuildFile; fileRef = DE06597322C9E15E00D000BC /* Date+Extensions.swift */; };
		DE06597722C9EE9600D000BC /* SettingsVC.swift in Sources */ = {isa = PBXBuildFile; fileRef = DE06597622C9EE9600D000BC /* SettingsVC.swift */; };
		DE2D927522CD132A00A391E1 /* DatePickerTVC.swift in Sources */ = {isa = PBXBuildFile; fileRef = DE2D927322CD132A00A391E1 /* DatePickerTVC.swift */; };
		DE2D927622CD132A00A391E1 /* DatePickerTVC.xib in Resources */ = {isa = PBXBuildFile; fileRef = DE2D927422CD132A00A391E1 /* DatePickerTVC.xib */; };
		DE33D70522C8C12C00F0F4E4 /* AppDelegate.swift in Sources */ = {isa = PBXBuildFile; fileRef = DE33D70422C8C12C00F0F4E4 /* AppDelegate.swift */; };
		DE33D70722C8C12D00F0F4E4 /* GameScene.sks in Resources */ = {isa = PBXBuildFile; fileRef = DE33D70622C8C12D00F0F4E4 /* GameScene.sks */; };
		DE33D70922C8C12D00F0F4E4 /* Actions.sks in Resources */ = {isa = PBXBuildFile; fileRef = DE33D70822C8C12D00F0F4E4 /* Actions.sks */; };
		DE33D70B22C8C12D00F0F4E4 /* GameScene.swift in Sources */ = {isa = PBXBuildFile; fileRef = DE33D70A22C8C12D00F0F4E4 /* GameScene.swift */; };
		DE33D70D22C8C12D00F0F4E4 /* MainVC.swift in Sources */ = {isa = PBXBuildFile; fileRef = DE33D70C22C8C12D00F0F4E4 /* MainVC.swift */; };
		DE33D71022C8C12D00F0F4E4 /* Main.storyboard in Resources */ = {isa = PBXBuildFile; fileRef = DE33D70E22C8C12D00F0F4E4 /* Main.storyboard */; };
		DE33D71222C8C12D00F0F4E4 /* Assets.xcassets in Resources */ = {isa = PBXBuildFile; fileRef = DE33D71122C8C12D00F0F4E4 /* Assets.xcassets */; };
		DE33D71522C8C12D00F0F4E4 /* LaunchScreen.storyboard in Resources */ = {isa = PBXBuildFile; fileRef = DE33D71322C8C12D00F0F4E4 /* LaunchScreen.storyboard */; };
		DE4E393722CA23AB00788887 /* DiaryPopUpVC.swift in Sources */ = {isa = PBXBuildFile; fileRef = DE4E393622CA23AB00788887 /* DiaryPopUpVC.swift */; };
		DE7BC6C022CA6F3A00AD77EC /* DiaryPopUpTVC.swift in Sources */ = {isa = PBXBuildFile; fileRef = DE7BC6BE22CA6F3A00AD77EC /* DiaryPopUpTVC.swift */; };
		DE7BC6C122CA6F3A00AD77EC /* DiaryPopUpTVC.xib in Resources */ = {isa = PBXBuildFile; fileRef = DE7BC6BF22CA6F3A00AD77EC /* DiaryPopUpTVC.xib */; };
		DE7BC6C422CA780A00AD77EC /* LoginVC.swift in Sources */ = {isa = PBXBuildFile; fileRef = DE7BC6C322CA780A00AD77EC /* LoginVC.swift */; };
		DE7BC6C722CA78FE00AD77EC /* DescriptionSlide.xib in Resources */ = {isa = PBXBuildFile; fileRef = DE7BC6C622CA78FE00AD77EC /* DescriptionSlide.xib */; };
		DE7BC6C922CA797E00AD77EC /* DescriptionSlide.swift in Sources */ = {isa = PBXBuildFile; fileRef = DE7BC6C822CA797E00AD77EC /* DescriptionSlide.swift */; };
		DE7BC6CD22CB39A900AD77EC /* Lock.storyboard in Resources */ = {isa = PBXBuildFile; fileRef = DE7BC6CC22CB39A900AD77EC /* Lock.storyboard */; };
		DE7BC6DA22CB40A000AD77EC /* NotoSansMonoCJKkr-Bold.otf in Resources */ = {isa = PBXBuildFile; fileRef = DE7BC6CF22CB40A000AD77EC /* NotoSansMonoCJKkr-Bold.otf */; };
		DE7BC6DB22CB40A000AD77EC /* NotoSansMonoCJKkr-Regular.otf in Resources */ = {isa = PBXBuildFile; fileRef = DE7BC6D022CB40A000AD77EC /* NotoSansMonoCJKkr-Regular.otf */; };
		DE7BC6DC22CB40A000AD77EC /* NotoSansCJKkr-DemiLight.otf in Resources */ = {isa = PBXBuildFile; fileRef = DE7BC6D122CB40A000AD77EC /* NotoSansCJKkr-DemiLight.otf */; };
		DE7BC6DD22CB40A000AD77EC /* NotoSansCJKkr-Black.otf in Resources */ = {isa = PBXBuildFile; fileRef = DE7BC6D222CB40A000AD77EC /* NotoSansCJKkr-Black.otf */; };
		DE7BC6DE22CB40A000AD77EC /* NotoSansCJKkr-Medium.otf in Resources */ = {isa = PBXBuildFile; fileRef = DE7BC6D322CB40A000AD77EC /* NotoSansCJKkr-Medium.otf */; };
		DE7BC6DF22CB40A000AD77EC /* README in Resources */ = {isa = PBXBuildFile; fileRef = DE7BC6D422CB40A000AD77EC /* README */; };
		DE7BC6E022CB40A000AD77EC /* NotoSansCJKkr-Light.otf in Resources */ = {isa = PBXBuildFile; fileRef = DE7BC6D522CB40A000AD77EC /* NotoSansCJKkr-Light.otf */; };
		DE7BC6E122CB40A000AD77EC /* NotoSansCJKkr-Thin.otf in Resources */ = {isa = PBXBuildFile; fileRef = DE7BC6D622CB40A000AD77EC /* NotoSansCJKkr-Thin.otf */; };
		DE7BC6E222CB40A000AD77EC /* NotoSansCJKkr-Regular.otf in Resources */ = {isa = PBXBuildFile; fileRef = DE7BC6D722CB40A000AD77EC /* NotoSansCJKkr-Regular.otf */; };
		DE7BC6E322CB40A000AD77EC /* NotoSansCJKkr-Bold.otf in Resources */ = {isa = PBXBuildFile; fileRef = DE7BC6D822CB40A000AD77EC /* NotoSansCJKkr-Bold.otf */; };
		DE7BC6E422CB40A000AD77EC /* LICENSE_OFL.txt in Resources */ = {isa = PBXBuildFile; fileRef = DE7BC6D922CB40A000AD77EC /* LICENSE_OFL.txt */; };
		DE7BC6E922CB464100AD77EC /* ProfileTVC.swift in Sources */ = {isa = PBXBuildFile; fileRef = DE7BC6E722CB464100AD77EC /* ProfileTVC.swift */; };
		DE7BC6EA22CB464100AD77EC /* ProfileTVC.xib in Resources */ = {isa = PBXBuildFile; fileRef = DE7BC6E822CB464100AD77EC /* ProfileTVC.xib */; };
		DE7BC6ED22CB4A9A00AD77EC /* SettingsTVC.swift in Sources */ = {isa = PBXBuildFile; fileRef = DE7BC6EB22CB4A9A00AD77EC /* SettingsTVC.swift */; };
		DE7BC6EE22CB4A9A00AD77EC /* SettingsTVC.xib in Resources */ = {isa = PBXBuildFile; fileRef = DE7BC6EC22CB4A9A00AD77EC /* SettingsTVC.xib */; };
		DE7BC6F022CB5C6A00AD77EC /* SettingsDetailVC.swift in Sources */ = {isa = PBXBuildFile; fileRef = DE7BC6EF22CB5C6A00AD77EC /* SettingsDetailVC.swift */; };
		DE7BC6F222CB992B00AD77EC /* UIColor+Extensions.swift in Sources */ = {isa = PBXBuildFile; fileRef = DE7BC6F122CB992B00AD77EC /* UIColor+Extensions.swift */; };
		DE7BC6F522CBB46C00AD77EC /* SettingsWithSwitchTVC.swift in Sources */ = {isa = PBXBuildFile; fileRef = DE7BC6F322CBB46C00AD77EC /* SettingsWithSwitchTVC.swift */; };
		DE7BC6F622CBB46C00AD77EC /* SettingsWithSwitchTVC.xib in Resources */ = {isa = PBXBuildFile; fileRef = DE7BC6F422CBB46C00AD77EC /* SettingsWithSwitchTVC.xib */; };
		DE7BC6FB22CBB8B500AD77EC /* SettingsFontTVC.swift in Sources */ = {isa = PBXBuildFile; fileRef = DE7BC6F922CBB8B500AD77EC /* SettingsFontTVC.swift */; };
		DE7BC6FC22CBB8B500AD77EC /* SettingsFontTVC.xib in Resources */ = {isa = PBXBuildFile; fileRef = DE7BC6FA22CBB8B500AD77EC /* SettingsFontTVC.xib */; };
		DE7BC6FE22CC37A300AD77EC /* SettingsPopUpVC.swift in Sources */ = {isa = PBXBuildFile; fileRef = DE7BC6FD22CC37A300AD77EC /* SettingsPopUpVC.swift */; };
		DE7BC70222CC863800AD77EC /* LockCodeCVC.swift in Sources */ = {isa = PBXBuildFile; fileRef = DE7BC70022CC863800AD77EC /* LockCodeCVC.swift */; };
		DE7BC70322CC863800AD77EC /* LockCodeCVC.xib in Resources */ = {isa = PBXBuildFile; fileRef = DE7BC70122CC863800AD77EC /* LockCodeCVC.xib */; };
		DE7BC70622CC871C00AD77EC /* LockVC.swift in Sources */ = {isa = PBXBuildFile; fileRef = DE7BC70522CC871C00AD77EC /* LockVC.swift */; };
/* End PBXBuildFile section */

/* Begin PBXFileReference section */
		4EFDD3FFC4FCEC91B258429C /* Pods-MindGarden.debug.xcconfig */ = {isa = PBXFileReference; includeInIndex = 1; lastKnownFileType = text.xcconfig; name = "Pods-MindGarden.debug.xcconfig"; path = "Target Support Files/Pods-MindGarden/Pods-MindGarden.debug.xcconfig"; sourceTree = "<group>"; };
		6F670888A5DBB32200B4D9BD /* Pods_MindGarden.framework */ = {isa = PBXFileReference; explicitFileType = wrapper.framework; includeInIndex = 0; path = Pods_MindGarden.framework; sourceTree = BUILT_PRODUCTS_DIR; };
		DE06594822C8C3A500D000BC /* .gitignore */ = {isa = PBXFileReference; lastKnownFileType = text; path = .gitignore; sourceTree = "<group>"; };
		DE06595122C8EE6800D000BC /* Login.storyboard */ = {isa = PBXFileReference; lastKnownFileType = file.storyboard; path = Login.storyboard; sourceTree = "<group>"; };
		DE06595322C8FE5300D000BC /* Diary.storyboard */ = {isa = PBXFileReference; lastKnownFileType = file.storyboard; path = Diary.storyboard; sourceTree = "<group>"; };
		DE06595622C9005C00D000BC /* DiaryNewVC.swift */ = {isa = PBXFileReference; lastKnownFileType = sourcecode.swift; path = DiaryNewVC.swift; sourceTree = "<group>"; };
		DE06595B22C9012300D000BC /* DiaryDetailVC.swift */ = {isa = PBXFileReference; lastKnownFileType = sourcecode.swift; path = DiaryDetailVC.swift; sourceTree = "<group>"; };
		DE06595E22C90F4C00D000BC /* PopUpVC.swift */ = {isa = PBXFileReference; lastKnownFileType = sourcecode.swift; path = PopUpVC.swift; sourceTree = "<group>"; };
		DE06596122C911E000D000BC /* UIView+Extensions.swift */ = {isa = PBXFileReference; lastKnownFileType = sourcecode.swift; path = "UIView+Extensions.swift"; sourceTree = "<group>"; };
		DE06596622C978B200D000BC /* DiaryListVC.swift */ = {isa = PBXFileReference; lastKnownFileType = sourcecode.swift; path = DiaryListVC.swift; sourceTree = "<group>"; };
		DE06596A22C97E0D00D000BC /* DiaryListTVC.swift */ = {isa = PBXFileReference; lastKnownFileType = sourcecode.swift; path = DiaryListTVC.swift; sourceTree = "<group>"; };
		DE06596B22C97E0D00D000BC /* DiaryListTVC.xib */ = {isa = PBXFileReference; lastKnownFileType = file.xib; path = DiaryListTVC.xib; sourceTree = "<group>"; };
		DE06597022C9846400D000BC /* Settings.storyboard */ = {isa = PBXFileReference; lastKnownFileType = file.storyboard; path = Settings.storyboard; sourceTree = "<group>"; };
		DE06597322C9E15E00D000BC /* Date+Extensions.swift */ = {isa = PBXFileReference; lastKnownFileType = sourcecode.swift; path = "Date+Extensions.swift"; sourceTree = "<group>"; };
		DE06597622C9EE9600D000BC /* SettingsVC.swift */ = {isa = PBXFileReference; lastKnownFileType = sourcecode.swift; path = SettingsVC.swift; sourceTree = "<group>"; };
		DE2D927322CD132A00A391E1 /* DatePickerTVC.swift */ = {isa = PBXFileReference; lastKnownFileType = sourcecode.swift; path = DatePickerTVC.swift; sourceTree = "<group>"; };
		DE2D927422CD132A00A391E1 /* DatePickerTVC.xib */ = {isa = PBXFileReference; lastKnownFileType = file.xib; path = DatePickerTVC.xib; sourceTree = "<group>"; };
		DE33D70122C8C12C00F0F4E4 /* MindGarden.app */ = {isa = PBXFileReference; explicitFileType = wrapper.application; includeInIndex = 0; path = MindGarden.app; sourceTree = BUILT_PRODUCTS_DIR; };
		DE33D70422C8C12C00F0F4E4 /* AppDelegate.swift */ = {isa = PBXFileReference; lastKnownFileType = sourcecode.swift; path = AppDelegate.swift; sourceTree = "<group>"; };
		DE33D70622C8C12D00F0F4E4 /* GameScene.sks */ = {isa = PBXFileReference; lastKnownFileType = file.sks; path = GameScene.sks; sourceTree = "<group>"; };
		DE33D70822C8C12D00F0F4E4 /* Actions.sks */ = {isa = PBXFileReference; lastKnownFileType = file.sks; path = Actions.sks; sourceTree = "<group>"; };
		DE33D70A22C8C12D00F0F4E4 /* GameScene.swift */ = {isa = PBXFileReference; lastKnownFileType = sourcecode.swift; path = GameScene.swift; sourceTree = "<group>"; };
		DE33D70C22C8C12D00F0F4E4 /* MainVC.swift */ = {isa = PBXFileReference; lastKnownFileType = sourcecode.swift; path = MainVC.swift; sourceTree = "<group>"; };
		DE33D70F22C8C12D00F0F4E4 /* Base */ = {isa = PBXFileReference; lastKnownFileType = file.storyboard; name = Base; path = Base.lproj/Main.storyboard; sourceTree = "<group>"; };
		DE33D71122C8C12D00F0F4E4 /* Assets.xcassets */ = {isa = PBXFileReference; lastKnownFileType = folder.assetcatalog; path = Assets.xcassets; sourceTree = "<group>"; };
		DE33D71422C8C12D00F0F4E4 /* Base */ = {isa = PBXFileReference; lastKnownFileType = file.storyboard; name = Base; path = Base.lproj/LaunchScreen.storyboard; sourceTree = "<group>"; };
		DE33D71622C8C12D00F0F4E4 /* Info.plist */ = {isa = PBXFileReference; lastKnownFileType = text.plist.xml; path = Info.plist; sourceTree = "<group>"; };
		DE4E393622CA23AB00788887 /* DiaryPopUpVC.swift */ = {isa = PBXFileReference; lastKnownFileType = sourcecode.swift; path = DiaryPopUpVC.swift; sourceTree = "<group>"; };
		DE7BC6BE22CA6F3A00AD77EC /* DiaryPopUpTVC.swift */ = {isa = PBXFileReference; lastKnownFileType = sourcecode.swift; path = DiaryPopUpTVC.swift; sourceTree = "<group>"; };
		DE7BC6BF22CA6F3A00AD77EC /* DiaryPopUpTVC.xib */ = {isa = PBXFileReference; lastKnownFileType = file.xib; path = DiaryPopUpTVC.xib; sourceTree = "<group>"; };
		DE7BC6C322CA780A00AD77EC /* LoginVC.swift */ = {isa = PBXFileReference; lastKnownFileType = sourcecode.swift; path = LoginVC.swift; sourceTree = "<group>"; };
		DE7BC6C622CA78FE00AD77EC /* DescriptionSlide.xib */ = {isa = PBXFileReference; lastKnownFileType = file.xib; path = DescriptionSlide.xib; sourceTree = "<group>"; };
		DE7BC6C822CA797E00AD77EC /* DescriptionSlide.swift */ = {isa = PBXFileReference; lastKnownFileType = sourcecode.swift; path = DescriptionSlide.swift; sourceTree = "<group>"; };
		DE7BC6CC22CB39A900AD77EC /* Lock.storyboard */ = {isa = PBXFileReference; lastKnownFileType = file.storyboard; path = Lock.storyboard; sourceTree = "<group>"; };
		DE7BC6CF22CB40A000AD77EC /* NotoSansMonoCJKkr-Bold.otf */ = {isa = PBXFileReference; lastKnownFileType = file; path = "NotoSansMonoCJKkr-Bold.otf"; sourceTree = "<group>"; };
		DE7BC6D022CB40A000AD77EC /* NotoSansMonoCJKkr-Regular.otf */ = {isa = PBXFileReference; lastKnownFileType = file; path = "NotoSansMonoCJKkr-Regular.otf"; sourceTree = "<group>"; };
		DE7BC6D122CB40A000AD77EC /* NotoSansCJKkr-DemiLight.otf */ = {isa = PBXFileReference; lastKnownFileType = file; path = "NotoSansCJKkr-DemiLight.otf"; sourceTree = "<group>"; };
		DE7BC6D222CB40A000AD77EC /* NotoSansCJKkr-Black.otf */ = {isa = PBXFileReference; lastKnownFileType = file; path = "NotoSansCJKkr-Black.otf"; sourceTree = "<group>"; };
		DE7BC6D322CB40A000AD77EC /* NotoSansCJKkr-Medium.otf */ = {isa = PBXFileReference; lastKnownFileType = file; path = "NotoSansCJKkr-Medium.otf"; sourceTree = "<group>"; };
		DE7BC6D422CB40A000AD77EC /* README */ = {isa = PBXFileReference; fileEncoding = 4; lastKnownFileType = text; path = README; sourceTree = "<group>"; };
		DE7BC6D522CB40A000AD77EC /* NotoSansCJKkr-Light.otf */ = {isa = PBXFileReference; lastKnownFileType = file; path = "NotoSansCJKkr-Light.otf"; sourceTree = "<group>"; };
		DE7BC6D622CB40A000AD77EC /* NotoSansCJKkr-Thin.otf */ = {isa = PBXFileReference; lastKnownFileType = file; path = "NotoSansCJKkr-Thin.otf"; sourceTree = "<group>"; };
		DE7BC6D722CB40A000AD77EC /* NotoSansCJKkr-Regular.otf */ = {isa = PBXFileReference; lastKnownFileType = file; path = "NotoSansCJKkr-Regular.otf"; sourceTree = "<group>"; };
		DE7BC6D822CB40A000AD77EC /* NotoSansCJKkr-Bold.otf */ = {isa = PBXFileReference; lastKnownFileType = file; path = "NotoSansCJKkr-Bold.otf"; sourceTree = "<group>"; };
		DE7BC6D922CB40A000AD77EC /* LICENSE_OFL.txt */ = {isa = PBXFileReference; fileEncoding = 4; lastKnownFileType = text; path = LICENSE_OFL.txt; sourceTree = "<group>"; };
		DE7BC6E722CB464100AD77EC /* ProfileTVC.swift */ = {isa = PBXFileReference; lastKnownFileType = sourcecode.swift; path = ProfileTVC.swift; sourceTree = "<group>"; };
		DE7BC6E822CB464100AD77EC /* ProfileTVC.xib */ = {isa = PBXFileReference; lastKnownFileType = file.xib; path = ProfileTVC.xib; sourceTree = "<group>"; };
		DE7BC6EB22CB4A9A00AD77EC /* SettingsTVC.swift */ = {isa = PBXFileReference; lastKnownFileType = sourcecode.swift; path = SettingsTVC.swift; sourceTree = "<group>"; };
		DE7BC6EC22CB4A9A00AD77EC /* SettingsTVC.xib */ = {isa = PBXFileReference; lastKnownFileType = file.xib; path = SettingsTVC.xib; sourceTree = "<group>"; };
		DE7BC6EF22CB5C6A00AD77EC /* SettingsDetailVC.swift */ = {isa = PBXFileReference; lastKnownFileType = sourcecode.swift; path = SettingsDetailVC.swift; sourceTree = "<group>"; };
		DE7BC6F122CB992B00AD77EC /* UIColor+Extensions.swift */ = {isa = PBXFileReference; lastKnownFileType = sourcecode.swift; path = "UIColor+Extensions.swift"; sourceTree = "<group>"; };
		DE7BC6F322CBB46C00AD77EC /* SettingsWithSwitchTVC.swift */ = {isa = PBXFileReference; lastKnownFileType = sourcecode.swift; path = SettingsWithSwitchTVC.swift; sourceTree = "<group>"; };
		DE7BC6F422CBB46C00AD77EC /* SettingsWithSwitchTVC.xib */ = {isa = PBXFileReference; lastKnownFileType = file.xib; path = SettingsWithSwitchTVC.xib; sourceTree = "<group>"; };
		DE7BC6F922CBB8B500AD77EC /* SettingsFontTVC.swift */ = {isa = PBXFileReference; lastKnownFileType = sourcecode.swift; path = SettingsFontTVC.swift; sourceTree = "<group>"; };
		DE7BC6FA22CBB8B500AD77EC /* SettingsFontTVC.xib */ = {isa = PBXFileReference; lastKnownFileType = file.xib; path = SettingsFontTVC.xib; sourceTree = "<group>"; };
		DE7BC6FD22CC37A300AD77EC /* SettingsPopUpVC.swift */ = {isa = PBXFileReference; lastKnownFileType = sourcecode.swift; path = SettingsPopUpVC.swift; sourceTree = "<group>"; };
		DE7BC70022CC863800AD77EC /* LockCodeCVC.swift */ = {isa = PBXFileReference; lastKnownFileType = sourcecode.swift; path = LockCodeCVC.swift; sourceTree = "<group>"; };
		DE7BC70122CC863800AD77EC /* LockCodeCVC.xib */ = {isa = PBXFileReference; lastKnownFileType = file.xib; path = LockCodeCVC.xib; sourceTree = "<group>"; };
		DE7BC70522CC871C00AD77EC /* LockVC.swift */ = {isa = PBXFileReference; lastKnownFileType = sourcecode.swift; path = LockVC.swift; sourceTree = "<group>"; };
		E94F331B13346CB260DF9A91 /* Pods-MindGarden.release.xcconfig */ = {isa = PBXFileReference; includeInIndex = 1; lastKnownFileType = text.xcconfig; name = "Pods-MindGarden.release.xcconfig"; path = "Target Support Files/Pods-MindGarden/Pods-MindGarden.release.xcconfig"; sourceTree = "<group>"; };
/* End PBXFileReference section */

/* Begin PBXFrameworksBuildPhase section */
		DE33D6FE22C8C12C00F0F4E4 /* Frameworks */ = {
			isa = PBXFrameworksBuildPhase;
			buildActionMask = 2147483647;
			files = (
				4FD6F56BA51831F9A8E27976 /* Pods_MindGarden.framework in Frameworks */,
			);
			runOnlyForDeploymentPostprocessing = 0;
		};
/* End PBXFrameworksBuildPhase section */

/* Begin PBXGroup section */
		4975C709D6A0568C62F0E171 /* Pods */ = {
			isa = PBXGroup;
			children = (
				4EFDD3FFC4FCEC91B258429C /* Pods-MindGarden.debug.xcconfig */,
				E94F331B13346CB260DF9A91 /* Pods-MindGarden.release.xcconfig */,
			);
			path = Pods;
			sourceTree = "<group>";
		};
		DE06594A22C8EC6200D000BC /* Resources */ = {
			isa = PBXGroup;
			children = (
				DE7BC6CE22CB40A000AD77EC /* NotoSansCJKkr-hinted */,
				DE06594B22C8EC7200D000BC /* Storyboards */,
				DE33D71122C8C12D00F0F4E4 /* Assets.xcassets */,
				DE33D71622C8C12D00F0F4E4 /* Info.plist */,
			);
			path = Resources;
			sourceTree = "<group>";
		};
		DE06594B22C8EC7200D000BC /* Storyboards */ = {
			isa = PBXGroup;
			children = (
				DE33D71322C8C12D00F0F4E4 /* LaunchScreen.storyboard */,
				DE33D70E22C8C12D00F0F4E4 /* Main.storyboard */,
				DE06595122C8EE6800D000BC /* Login.storyboard */,
				DE06595322C8FE5300D000BC /* Diary.storyboard */,
				DE06597022C9846400D000BC /* Settings.storyboard */,
				DE7BC6CC22CB39A900AD77EC /* Lock.storyboard */,
			);
			path = Storyboards;
			sourceTree = "<group>";
		};
		DE06594C22C8ED0200D000BC /* Sources */ = {
			isa = PBXGroup;
			children = (
				DE06596022C9115D00D000BC /* Extensions */,
				DE06595022C8ED5100D000BC /* ViewControllers */,
				DE06594F22C8ED4B00D000BC /* Views */,
				DE06594E22C8ED3A00D000BC /* Model */,
				DE06594D22C8ED3200D000BC /* APIServices */,
				DE33D70422C8C12C00F0F4E4 /* AppDelegate.swift */,
			);
			path = Sources;
			sourceTree = "<group>";
		};
		DE06594D22C8ED3200D000BC /* APIServices */ = {
			isa = PBXGroup;
			children = (
			);
			path = APIServices;
			sourceTree = "<group>";
		};
		DE06594E22C8ED3A00D000BC /* Model */ = {
			isa = PBXGroup;
			children = (
			);
			path = Model;
			sourceTree = "<group>";
		};
		DE06594F22C8ED4B00D000BC /* Views */ = {
			isa = PBXGroup;
			children = (
				DE7BC6FF22CC848400AD77EC /* Lock */,
				DE7BC6C522CA785E00AD77EC /* Login */,
				DE06596F22C9844F00D000BC /* Settings */,
				DE06596322C91C6D00D000BC /* Diary */,
			);
			path = Views;
			sourceTree = "<group>";
		};
		DE06595022C8ED5100D000BC /* ViewControllers */ = {
			isa = PBXGroup;
			children = (
				DE7BC70422CC870000AD77EC /* Lock */,
				DE7BC6C222CA77F800AD77EC /* Login */,
				DE06596E22C9844800D000BC /* Settings */,
				DE06595D22C9082800D000BC /* Main */,
				DE06595522C8FF0700D000BC /* Diary */,
			);
			path = ViewControllers;
			sourceTree = "<group>";
		};
		DE06595522C8FF0700D000BC /* Diary */ = {
			isa = PBXGroup;
			children = (
				DE06595622C9005C00D000BC /* DiaryNewVC.swift */,
				DE06595B22C9012300D000BC /* DiaryDetailVC.swift */,
				DE06596622C978B200D000BC /* DiaryListVC.swift */,
				DE4E393622CA23AB00788887 /* DiaryPopUpVC.swift */,
			);
			path = Diary;
			sourceTree = "<group>";
		};
		DE06595D22C9082800D000BC /* Main */ = {
			isa = PBXGroup;
			children = (
				DE33D70C22C8C12D00F0F4E4 /* MainVC.swift */,
				DE06595E22C90F4C00D000BC /* PopUpVC.swift */,
			);
			path = Main;
			sourceTree = "<group>";
		};
		DE06596022C9115D00D000BC /* Extensions */ = {
			isa = PBXGroup;
			children = (
				DE06596122C911E000D000BC /* UIView+Extensions.swift */,
				DE06597322C9E15E00D000BC /* Date+Extensions.swift */,
				DE7BC6F122CB992B00AD77EC /* UIColor+Extensions.swift */,
			);
			path = Extensions;
			sourceTree = "<group>";
		};
		DE06596322C91C6D00D000BC /* Diary */ = {
			isa = PBXGroup;
			children = (
				DE06596A22C97E0D00D000BC /* DiaryListTVC.swift */,
				DE06596B22C97E0D00D000BC /* DiaryListTVC.xib */,
				DE7BC6BE22CA6F3A00AD77EC /* DiaryPopUpTVC.swift */,
				DE7BC6BF22CA6F3A00AD77EC /* DiaryPopUpTVC.xib */,
			);
			path = Diary;
			sourceTree = "<group>";
		};
		DE06596E22C9844800D000BC /* Settings */ = {
			isa = PBXGroup;
			children = (
				DE06597622C9EE9600D000BC /* SettingsVC.swift */,
				DE7BC6EF22CB5C6A00AD77EC /* SettingsDetailVC.swift */,
				DE7BC6FD22CC37A300AD77EC /* SettingsPopUpVC.swift */,
			);
			path = Settings;
			sourceTree = "<group>";
		};
		DE06596F22C9844F00D000BC /* Settings */ = {
			isa = PBXGroup;
			children = (
				DE7BC6E722CB464100AD77EC /* ProfileTVC.swift */,
				DE7BC6E822CB464100AD77EC /* ProfileTVC.xib */,
				DE7BC6EB22CB4A9A00AD77EC /* SettingsTVC.swift */,
				DE7BC6EC22CB4A9A00AD77EC /* SettingsTVC.xib */,
				DE7BC6F322CBB46C00AD77EC /* SettingsWithSwitchTVC.swift */,
				DE7BC6F422CBB46C00AD77EC /* SettingsWithSwitchTVC.xib */,
				DE7BC6F922CBB8B500AD77EC /* SettingsFontTVC.swift */,
				DE7BC6FA22CBB8B500AD77EC /* SettingsFontTVC.xib */,
				DE2D927322CD132A00A391E1 /* DatePickerTVC.swift */,
				DE2D927422CD132A00A391E1 /* DatePickerTVC.xib */,
			);
			path = Settings;
			sourceTree = "<group>";
		};
		DE33D6F822C8C12C00F0F4E4 = {
			isa = PBXGroup;
			children = (
				DE06594822C8C3A500D000BC /* .gitignore */,
				DE33D70322C8C12C00F0F4E4 /* MindGarden */,
				DE33D70222C8C12C00F0F4E4 /* Products */,
				4975C709D6A0568C62F0E171 /* Pods */,
				FDCE8B3B6BB9CE5792D00149 /* Frameworks */,
			);
			sourceTree = "<group>";
		};
		DE33D70222C8C12C00F0F4E4 /* Products */ = {
			isa = PBXGroup;
			children = (
				DE33D70122C8C12C00F0F4E4 /* MindGarden.app */,
			);
			name = Products;
			sourceTree = "<group>";
		};
		DE33D70322C8C12C00F0F4E4 /* MindGarden */ = {
			isa = PBXGroup;
			children = (
				DE06594C22C8ED0200D000BC /* Sources */,
				DE06594A22C8EC6200D000BC /* Resources */,
				DE33D70622C8C12D00F0F4E4 /* GameScene.sks */,
				DE33D70822C8C12D00F0F4E4 /* Actions.sks */,
				DE33D70A22C8C12D00F0F4E4 /* GameScene.swift */,
			);
			path = MindGarden;
			sourceTree = "<group>";
		};
		DE7BC6C222CA77F800AD77EC /* Login */ = {
			isa = PBXGroup;
			children = (
				DE7BC6C322CA780A00AD77EC /* LoginVC.swift */,
			);
			path = Login;
			sourceTree = "<group>";
		};
		DE7BC6C522CA785E00AD77EC /* Login */ = {
			isa = PBXGroup;
			children = (
				DE7BC6C622CA78FE00AD77EC /* DescriptionSlide.xib */,
				DE7BC6C822CA797E00AD77EC /* DescriptionSlide.swift */,
			);
			path = Login;
			sourceTree = "<group>";
		};
		DE7BC6CE22CB40A000AD77EC /* NotoSansCJKkr-hinted */ = {
			isa = PBXGroup;
			children = (
				DE7BC6CF22CB40A000AD77EC /* NotoSansMonoCJKkr-Bold.otf */,
				DE7BC6D022CB40A000AD77EC /* NotoSansMonoCJKkr-Regular.otf */,
				DE7BC6D122CB40A000AD77EC /* NotoSansCJKkr-DemiLight.otf */,
				DE7BC6D222CB40A000AD77EC /* NotoSansCJKkr-Black.otf */,
				DE7BC6D322CB40A000AD77EC /* NotoSansCJKkr-Medium.otf */,
				DE7BC6D422CB40A000AD77EC /* README */,
				DE7BC6D522CB40A000AD77EC /* NotoSansCJKkr-Light.otf */,
				DE7BC6D622CB40A000AD77EC /* NotoSansCJKkr-Thin.otf */,
				DE7BC6D722CB40A000AD77EC /* NotoSansCJKkr-Regular.otf */,
				DE7BC6D822CB40A000AD77EC /* NotoSansCJKkr-Bold.otf */,
				DE7BC6D922CB40A000AD77EC /* LICENSE_OFL.txt */,
			);
			name = "NotoSansCJKkr-hinted";
			path = "../../../../../Downloads/NotoSansCJKkr-hinted";
			sourceTree = "<group>";
		};
		DE7BC6FF22CC848400AD77EC /* Lock */ = {
			isa = PBXGroup;
			children = (
				DE7BC70022CC863800AD77EC /* LockCodeCVC.swift */,
				DE7BC70122CC863800AD77EC /* LockCodeCVC.xib */,
			);
			path = Lock;
			sourceTree = "<group>";
		};
		DE7BC70422CC870000AD77EC /* Lock */ = {
			isa = PBXGroup;
			children = (
				DE7BC70522CC871C00AD77EC /* LockVC.swift */,
			);
			path = Lock;
			sourceTree = "<group>";
		};
		FDCE8B3B6BB9CE5792D00149 /* Frameworks */ = {
			isa = PBXGroup;
			children = (
				6F670888A5DBB32200B4D9BD /* Pods_MindGarden.framework */,
			);
			name = Frameworks;
			sourceTree = "<group>";
		};
/* End PBXGroup section */

/* Begin PBXNativeTarget section */
		DE33D70022C8C12C00F0F4E4 /* MindGarden */ = {
			isa = PBXNativeTarget;
			buildConfigurationList = DE33D71922C8C12D00F0F4E4 /* Build configuration list for PBXNativeTarget "MindGarden" */;
			buildPhases = (
				FFDA491F830E9B2647D50D10 /* [CP] Check Pods Manifest.lock */,
				DE33D6FD22C8C12C00F0F4E4 /* Sources */,
				DE33D6FE22C8C12C00F0F4E4 /* Frameworks */,
				DE33D6FF22C8C12C00F0F4E4 /* Resources */,
				5A4DCE761021AA590CB83462 /* [CP] Embed Pods Frameworks */,
			);
			buildRules = (
			);
			dependencies = (
			);
			name = MindGarden;
			productName = MindGarden;
			productReference = DE33D70122C8C12C00F0F4E4 /* MindGarden.app */;
			productType = "com.apple.product-type.application";
		};
/* End PBXNativeTarget section */

/* Begin PBXProject section */
		DE33D6F922C8C12C00F0F4E4 /* Project object */ = {
			isa = PBXProject;
			attributes = {
				LastSwiftUpdateCheck = 1020;
				LastUpgradeCheck = 1020;
				ORGANIZATIONNAME = "Sunghee Lee";
				TargetAttributes = {
					DE33D70022C8C12C00F0F4E4 = {
						CreatedOnToolsVersion = 10.2.1;
					};
				};
			};
			buildConfigurationList = DE33D6FC22C8C12C00F0F4E4 /* Build configuration list for PBXProject "MindGarden" */;
			compatibilityVersion = "Xcode 9.3";
			developmentRegion = en;
			hasScannedForEncodings = 0;
			knownRegions = (
				en,
				Base,
			);
			mainGroup = DE33D6F822C8C12C00F0F4E4;
			productRefGroup = DE33D70222C8C12C00F0F4E4 /* Products */;
			projectDirPath = "";
			projectRoot = "";
			targets = (
				DE33D70022C8C12C00F0F4E4 /* MindGarden */,
			);
		};
/* End PBXProject section */

/* Begin PBXResourcesBuildPhase section */
		DE33D6FF22C8C12C00F0F4E4 /* Resources */ = {
			isa = PBXResourcesBuildPhase;
			buildActionMask = 2147483647;
			files = (
				DE7BC6DC22CB40A000AD77EC /* NotoSansCJKkr-DemiLight.otf in Resources */,
				DE06596D22C97E0D00D000BC /* DiaryListTVC.xib in Resources */,
				DE7BC6DD22CB40A000AD77EC /* NotoSansCJKkr-Black.otf in Resources */,
				DE06595422C8FE5300D000BC /* Diary.storyboard in Resources */,
				DE33D71022C8C12D00F0F4E4 /* Main.storyboard in Resources */,
				DE7BC6EE22CB4A9A00AD77EC /* SettingsTVC.xib in Resources */,
				DE7BC6E022CB40A000AD77EC /* NotoSansCJKkr-Light.otf in Resources */,
				DE7BC6C122CA6F3A00AD77EC /* DiaryPopUpTVC.xib in Resources */,
				DE33D70722C8C12D00F0F4E4 /* GameScene.sks in Resources */,
				DE7BC6FC22CBB8B500AD77EC /* SettingsFontTVC.xib in Resources */,
				DE7BC6E422CB40A000AD77EC /* LICENSE_OFL.txt in Resources */,
				DE7BC6F622CBB46C00AD77EC /* SettingsWithSwitchTVC.xib in Resources */,
				DE06595222C8EE6800D000BC /* Login.storyboard in Resources */,
				DE7BC6E122CB40A000AD77EC /* NotoSansCJKkr-Thin.otf in Resources */,
				DE33D71222C8C12D00F0F4E4 /* Assets.xcassets in Resources */,
				DE33D71522C8C12D00F0F4E4 /* LaunchScreen.storyboard in Resources */,
				DE7BC6DA22CB40A000AD77EC /* NotoSansMonoCJKkr-Bold.otf in Resources */,
				DE7BC6DB22CB40A000AD77EC /* NotoSansMonoCJKkr-Regular.otf in Resources */,
				DE06594922C8C3A600D000BC /* .gitignore in Resources */,
				DE7BC6E322CB40A000AD77EC /* NotoSansCJKkr-Bold.otf in Resources */,
				DE33D70922C8C12D00F0F4E4 /* Actions.sks in Resources */,
				DE7BC6DF22CB40A000AD77EC /* README in Resources */,
				DE7BC6C722CA78FE00AD77EC /* DescriptionSlide.xib in Resources */,
				DE06597122C9846400D000BC /* Settings.storyboard in Resources */,
				DE7BC6CD22CB39A900AD77EC /* Lock.storyboard in Resources */,
				DE7BC6DE22CB40A000AD77EC /* NotoSansCJKkr-Medium.otf in Resources */,
				DE7BC6E222CB40A000AD77EC /* NotoSansCJKkr-Regular.otf in Resources */,
				DE2D927622CD132A00A391E1 /* DatePickerTVC.xib in Resources */,
				DE7BC70322CC863800AD77EC /* LockCodeCVC.xib in Resources */,
				DE7BC6EA22CB464100AD77EC /* ProfileTVC.xib in Resources */,
			);
			runOnlyForDeploymentPostprocessing = 0;
		};
/* End PBXResourcesBuildPhase section */

/* Begin PBXShellScriptBuildPhase section */
		5A4DCE761021AA590CB83462 /* [CP] Embed Pods Frameworks */ = {
			isa = PBXShellScriptBuildPhase;
			buildActionMask = 2147483647;
			files = (
			);
			inputFileListPaths = (
			);
			inputPaths = (
				"${PODS_ROOT}/Target Support Files/Pods-MindGarden/Pods-MindGarden-frameworks.sh",
				"${BUILT_PRODUCTS_DIR}/AppLocker/AppLocker.framework",
				"${BUILT_PRODUCTS_DIR}/DynamicBlurView/DynamicBlurView.framework",
				"${BUILT_PRODUCTS_DIR}/PopupDialog/PopupDialog.framework",
				"${BUILT_PRODUCTS_DIR}/Valet/Valet.framework",
			);
			name = "[CP] Embed Pods Frameworks";
			outputFileListPaths = (
			);
			outputPaths = (
				"${TARGET_BUILD_DIR}/${FRAMEWORKS_FOLDER_PATH}/AppLocker.framework",
				"${TARGET_BUILD_DIR}/${FRAMEWORKS_FOLDER_PATH}/DynamicBlurView.framework",
				"${TARGET_BUILD_DIR}/${FRAMEWORKS_FOLDER_PATH}/PopupDialog.framework",
				"${TARGET_BUILD_DIR}/${FRAMEWORKS_FOLDER_PATH}/Valet.framework",
			);
			runOnlyForDeploymentPostprocessing = 0;
			shellPath = /bin/sh;
			shellScript = "\"${PODS_ROOT}/Target Support Files/Pods-MindGarden/Pods-MindGarden-frameworks.sh\"\n";
			showEnvVarsInLog = 0;
		};
		FFDA491F830E9B2647D50D10 /* [CP] Check Pods Manifest.lock */ = {
			isa = PBXShellScriptBuildPhase;
			buildActionMask = 2147483647;
			files = (
			);
			inputFileListPaths = (
			);
			inputPaths = (
				"${PODS_PODFILE_DIR_PATH}/Podfile.lock",
				"${PODS_ROOT}/Manifest.lock",
			);
			name = "[CP] Check Pods Manifest.lock";
			outputFileListPaths = (
			);
			outputPaths = (
				"$(DERIVED_FILE_DIR)/Pods-MindGarden-checkManifestLockResult.txt",
			);
			runOnlyForDeploymentPostprocessing = 0;
			shellPath = /bin/sh;
			shellScript = "diff \"${PODS_PODFILE_DIR_PATH}/Podfile.lock\" \"${PODS_ROOT}/Manifest.lock\" > /dev/null\nif [ $? != 0 ] ; then\n    # print error to STDERR\n    echo \"error: The sandbox is not in sync with the Podfile.lock. Run 'pod install' or update your CocoaPods installation.\" >&2\n    exit 1\nfi\n# This output is used by Xcode 'outputs' to avoid re-running this script phase.\necho \"SUCCESS\" > \"${SCRIPT_OUTPUT_FILE_0}\"\n";
			showEnvVarsInLog = 0;
		};
/* End PBXShellScriptBuildPhase section */

/* Begin PBXSourcesBuildPhase section */
		DE33D6FD22C8C12C00F0F4E4 /* Sources */ = {
			isa = PBXSourcesBuildPhase;
			buildActionMask = 2147483647;
			files = (
				DE7BC6FE22CC37A300AD77EC /* SettingsPopUpVC.swift in Sources */,
				DE7BC6C022CA6F3A00AD77EC /* DiaryPopUpTVC.swift in Sources */,
				DE06597722C9EE9600D000BC /* SettingsVC.swift in Sources */,
				DE7BC6C422CA780A00AD77EC /* LoginVC.swift in Sources */,
				DE33D70B22C8C12D00F0F4E4 /* GameScene.swift in Sources */,
				DE7BC6FB22CBB8B500AD77EC /* SettingsFontTVC.swift in Sources */,
				DE2D927522CD132A00A391E1 /* DatePickerTVC.swift in Sources */,
				DE7BC6ED22CB4A9A00AD77EC /* SettingsTVC.swift in Sources */,
				DE06596C22C97E0D00D000BC /* DiaryListTVC.swift in Sources */,
				DE7BC6F522CBB46C00AD77EC /* SettingsWithSwitchTVC.swift in Sources */,
				DE7BC70622CC871C00AD77EC /* LockVC.swift in Sources */,
				DE33D70D22C8C12D00F0F4E4 /* MainVC.swift in Sources */,
				DE06597422C9E15E00D000BC /* Date+Extensions.swift in Sources */,
				DE7BC6F022CB5C6A00AD77EC /* SettingsDetailVC.swift in Sources */,
				DE06595F22C90F4C00D000BC /* PopUpVC.swift in Sources */,
				DE7BC6F222CB992B00AD77EC /* UIColor+Extensions.swift in Sources */,
				DE06595722C9005C00D000BC /* DiaryNewVC.swift in Sources */,
				DE7BC6E922CB464100AD77EC /* ProfileTVC.swift in Sources */,
				DE4E393722CA23AB00788887 /* DiaryPopUpVC.swift in Sources */,
				DE06595C22C9012300D000BC /* DiaryDetailVC.swift in Sources */,
				DE06596722C978B200D000BC /* DiaryListVC.swift in Sources */,
				DE7BC6C922CA797E00AD77EC /* DescriptionSlide.swift in Sources */,
				DE06596222C911E000D000BC /* UIView+Extensions.swift in Sources */,
				DE33D70522C8C12C00F0F4E4 /* AppDelegate.swift in Sources */,
				DE7BC70222CC863800AD77EC /* LockCodeCVC.swift in Sources */,
			);
			runOnlyForDeploymentPostprocessing = 0;
		};
/* End PBXSourcesBuildPhase section */

/* Begin PBXVariantGroup section */
		DE33D70E22C8C12D00F0F4E4 /* Main.storyboard */ = {
			isa = PBXVariantGroup;
			children = (
				DE33D70F22C8C12D00F0F4E4 /* Base */,
			);
			name = Main.storyboard;
			sourceTree = "<group>";
		};
		DE33D71322C8C12D00F0F4E4 /* LaunchScreen.storyboard */ = {
			isa = PBXVariantGroup;
			children = (
				DE33D71422C8C12D00F0F4E4 /* Base */,
			);
			name = LaunchScreen.storyboard;
			sourceTree = "<group>";
		};
/* End PBXVariantGroup section */

/* Begin XCBuildConfiguration section */
		DE33D71722C8C12D00F0F4E4 /* Debug */ = {
			isa = XCBuildConfiguration;
			buildSettings = {
				ALWAYS_SEARCH_USER_PATHS = NO;
				CLANG_ANALYZER_NONNULL = YES;
				CLANG_ANALYZER_NUMBER_OBJECT_CONVERSION = YES_AGGRESSIVE;
				CLANG_CXX_LANGUAGE_STANDARD = "gnu++14";
				CLANG_CXX_LIBRARY = "libc++";
				CLANG_ENABLE_MODULES = YES;
				CLANG_ENABLE_OBJC_ARC = YES;
				CLANG_ENABLE_OBJC_WEAK = YES;
				CLANG_WARN_BLOCK_CAPTURE_AUTORELEASING = YES;
				CLANG_WARN_BOOL_CONVERSION = YES;
				CLANG_WARN_COMMA = YES;
				CLANG_WARN_CONSTANT_CONVERSION = YES;
				CLANG_WARN_DEPRECATED_OBJC_IMPLEMENTATIONS = YES;
				CLANG_WARN_DIRECT_OBJC_ISA_USAGE = YES_ERROR;
				CLANG_WARN_DOCUMENTATION_COMMENTS = YES;
				CLANG_WARN_EMPTY_BODY = YES;
				CLANG_WARN_ENUM_CONVERSION = YES;
				CLANG_WARN_INFINITE_RECURSION = YES;
				CLANG_WARN_INT_CONVERSION = YES;
				CLANG_WARN_NON_LITERAL_NULL_CONVERSION = YES;
				CLANG_WARN_OBJC_IMPLICIT_RETAIN_SELF = YES;
				CLANG_WARN_OBJC_LITERAL_CONVERSION = YES;
				CLANG_WARN_OBJC_ROOT_CLASS = YES_ERROR;
				CLANG_WARN_RANGE_LOOP_ANALYSIS = YES;
				CLANG_WARN_STRICT_PROTOTYPES = YES;
				CLANG_WARN_SUSPICIOUS_MOVE = YES;
				CLANG_WARN_UNGUARDED_AVAILABILITY = YES_AGGRESSIVE;
				CLANG_WARN_UNREACHABLE_CODE = YES;
				CLANG_WARN__DUPLICATE_METHOD_MATCH = YES;
				CODE_SIGN_IDENTITY = "iPhone Developer";
				COPY_PHASE_STRIP = NO;
				DEBUG_INFORMATION_FORMAT = dwarf;
				ENABLE_STRICT_OBJC_MSGSEND = YES;
				ENABLE_TESTABILITY = YES;
				GCC_C_LANGUAGE_STANDARD = gnu11;
				GCC_DYNAMIC_NO_PIC = NO;
				GCC_NO_COMMON_BLOCKS = YES;
				GCC_OPTIMIZATION_LEVEL = 0;
				GCC_PREPROCESSOR_DEFINITIONS = (
					"DEBUG=1",
					"$(inherited)",
				);
				GCC_WARN_64_TO_32_BIT_CONVERSION = YES;
				GCC_WARN_ABOUT_RETURN_TYPE = YES_ERROR;
				GCC_WARN_UNDECLARED_SELECTOR = YES;
				GCC_WARN_UNINITIALIZED_AUTOS = YES_AGGRESSIVE;
				GCC_WARN_UNUSED_FUNCTION = YES;
				GCC_WARN_UNUSED_VARIABLE = YES;
				IPHONEOS_DEPLOYMENT_TARGET = 12.2;
				MTL_ENABLE_DEBUG_INFO = INCLUDE_SOURCE;
				MTL_FAST_MATH = YES;
				ONLY_ACTIVE_ARCH = YES;
				SDKROOT = iphoneos;
				SWIFT_ACTIVE_COMPILATION_CONDITIONS = DEBUG;
				SWIFT_OPTIMIZATION_LEVEL = "-Onone";
			};
			name = Debug;
		};
		DE33D71822C8C12D00F0F4E4 /* Release */ = {
			isa = XCBuildConfiguration;
			buildSettings = {
				ALWAYS_SEARCH_USER_PATHS = NO;
				CLANG_ANALYZER_NONNULL = YES;
				CLANG_ANALYZER_NUMBER_OBJECT_CONVERSION = YES_AGGRESSIVE;
				CLANG_CXX_LANGUAGE_STANDARD = "gnu++14";
				CLANG_CXX_LIBRARY = "libc++";
				CLANG_ENABLE_MODULES = YES;
				CLANG_ENABLE_OBJC_ARC = YES;
				CLANG_ENABLE_OBJC_WEAK = YES;
				CLANG_WARN_BLOCK_CAPTURE_AUTORELEASING = YES;
				CLANG_WARN_BOOL_CONVERSION = YES;
				CLANG_WARN_COMMA = YES;
				CLANG_WARN_CONSTANT_CONVERSION = YES;
				CLANG_WARN_DEPRECATED_OBJC_IMPLEMENTATIONS = YES;
				CLANG_WARN_DIRECT_OBJC_ISA_USAGE = YES_ERROR;
				CLANG_WARN_DOCUMENTATION_COMMENTS = YES;
				CLANG_WARN_EMPTY_BODY = YES;
				CLANG_WARN_ENUM_CONVERSION = YES;
				CLANG_WARN_INFINITE_RECURSION = YES;
				CLANG_WARN_INT_CONVERSION = YES;
				CLANG_WARN_NON_LITERAL_NULL_CONVERSION = YES;
				CLANG_WARN_OBJC_IMPLICIT_RETAIN_SELF = YES;
				CLANG_WARN_OBJC_LITERAL_CONVERSION = YES;
				CLANG_WARN_OBJC_ROOT_CLASS = YES_ERROR;
				CLANG_WARN_RANGE_LOOP_ANALYSIS = YES;
				CLANG_WARN_STRICT_PROTOTYPES = YES;
				CLANG_WARN_SUSPICIOUS_MOVE = YES;
				CLANG_WARN_UNGUARDED_AVAILABILITY = YES_AGGRESSIVE;
				CLANG_WARN_UNREACHABLE_CODE = YES;
				CLANG_WARN__DUPLICATE_METHOD_MATCH = YES;
				CODE_SIGN_IDENTITY = "iPhone Developer";
				COPY_PHASE_STRIP = NO;
				DEBUG_INFORMATION_FORMAT = "dwarf-with-dsym";
				ENABLE_NS_ASSERTIONS = NO;
				ENABLE_STRICT_OBJC_MSGSEND = YES;
				GCC_C_LANGUAGE_STANDARD = gnu11;
				GCC_NO_COMMON_BLOCKS = YES;
				GCC_WARN_64_TO_32_BIT_CONVERSION = YES;
				GCC_WARN_ABOUT_RETURN_TYPE = YES_ERROR;
				GCC_WARN_UNDECLARED_SELECTOR = YES;
				GCC_WARN_UNINITIALIZED_AUTOS = YES_AGGRESSIVE;
				GCC_WARN_UNUSED_FUNCTION = YES;
				GCC_WARN_UNUSED_VARIABLE = YES;
				IPHONEOS_DEPLOYMENT_TARGET = 12.2;
				MTL_ENABLE_DEBUG_INFO = NO;
				MTL_FAST_MATH = YES;
				SDKROOT = iphoneos;
				SWIFT_COMPILATION_MODE = wholemodule;
				SWIFT_OPTIMIZATION_LEVEL = "-O";
				VALIDATE_PRODUCT = YES;
			};
			name = Release;
		};
		DE33D71A22C8C12D00F0F4E4 /* Debug */ = {
			isa = XCBuildConfiguration;
			baseConfigurationReference = 4EFDD3FFC4FCEC91B258429C /* Pods-MindGarden.debug.xcconfig */;
			buildSettings = {
				ASSETCATALOG_COMPILER_APPICON_NAME = AppIcon;
				CODE_SIGN_STYLE = Automatic;
				DEVELOPMENT_TEAM = 89U4T49H8F;
				INFOPLIST_FILE = "$(SRCROOT)/MindGarden/Resources/Info.plist";
				LD_RUNPATH_SEARCH_PATHS = (
					"$(inherited)",
					"@executable_path/Frameworks",
				);
				PRODUCT_BUNDLE_IDENTIFIER = sopt.MindGarden;
				PRODUCT_NAME = "$(TARGET_NAME)";
				SWIFT_VERSION = 5.0;
				TARGETED_DEVICE_FAMILY = "1,2";
			};
			name = Debug;
		};
		DE33D71B22C8C12D00F0F4E4 /* Release */ = {
			isa = XCBuildConfiguration;
			baseConfigurationReference = E94F331B13346CB260DF9A91 /* Pods-MindGarden.release.xcconfig */;
			buildSettings = {
				ASSETCATALOG_COMPILER_APPICON_NAME = AppIcon;
				CODE_SIGN_STYLE = Automatic;
				DEVELOPMENT_TEAM = 89U4T49H8F;
				INFOPLIST_FILE = "$(SRCROOT)/MindGarden/Resources/Info.plist";
				LD_RUNPATH_SEARCH_PATHS = (
					"$(inherited)",
					"@executable_path/Frameworks",
				);
				PRODUCT_BUNDLE_IDENTIFIER = sopt.MindGarden;
				PRODUCT_NAME = "$(TARGET_NAME)";
				SWIFT_VERSION = 5.0;
				TARGETED_DEVICE_FAMILY = "1,2";
			};
			name = Release;
		};
/* End XCBuildConfiguration section */

/* Begin XCConfigurationList section */
		DE33D6FC22C8C12C00F0F4E4 /* Build configuration list for PBXProject "MindGarden" */ = {
			isa = XCConfigurationList;
			buildConfigurations = (
				DE33D71722C8C12D00F0F4E4 /* Debug */,
				DE33D71822C8C12D00F0F4E4 /* Release */,
			);
			defaultConfigurationIsVisible = 0;
			defaultConfigurationName = Release;
		};
		DE33D71922C8C12D00F0F4E4 /* Build configuration list for PBXNativeTarget "MindGarden" */ = {
			isa = XCConfigurationList;
			buildConfigurations = (
				DE33D71A22C8C12D00F0F4E4 /* Debug */,
				DE33D71B22C8C12D00F0F4E4 /* Release */,
			);
			defaultConfigurationIsVisible = 0;
			defaultConfigurationName = Release;
		};
/* End XCConfigurationList section */
	};
	rootObject = DE33D6F922C8C12C00F0F4E4 /* Project object */;
}
